{
  "name": "relatorioParcialDeMetas",
  "lockfileVersion": 3,
  "requires": true,
  "packages": {
    "": {
      "dependencies": {
        "he": "^1.2.0",
        "json-2-csv": "^5.5.10",
        "set-cookie-parser": "^3.0.1"
      }
    },
    "node_modules/deeks": {
      "version": "3.1.0",
      "resolved": "https://registry.npmjs.org/deeks/-/deeks-3.1.0.tgz",
      "integrity": "sha512-e7oWH1LzIdv/prMQ7pmlDlaVoL64glqzvNgkgQNgyec9ORPHrT2jaOqMtRyqJuwWjtfb6v+2rk9pmaHj+F137A==",
      "license": "MIT",
      "engines": {
        "node": ">= 16"
      }
    },
    "node_modules/doc-path": {
      "version": "4.1.1",
      "resolved": "https://registry.npmjs.org/doc-path/-/doc-path-4.1.1.tgz",
      "integrity": "sha512-h1ErTglQAVv2gCnOpD3sFS6uolDbOKHDU1BZq+Kl3npPqroU3dYL42lUgMfd5UimlwtRgp7C9dLGwqQ5D2HYgQ==",
      "license": "MIT",
      "engines": {
        "node": ">=16"
      }
    },
    "node_modules/he": {
      "version": "1.2.0",
      "resolved": "https://registry.npmjs.org/he/-/he-1.2.0.tgz",
      "integrity": "sha512-F/1DnUGPopORZi0ni+CvrCgHQ5FyEAHRLSApuYWMmrbSwoN2Mn/7k+Gl38gJnR7yyDZk6WLXwiGod1JOWNDKGw==",
      "license": "MIT",
      "bin": {
        "he": "bin/he"
      }
    },
    "node_modules/json-2-csv": {
      "version": "5.5.10",
      "resolved": "https://registry.npmjs.org/json-2-csv/-/json-2-csv-5.5.10.tgz",
      "integrity": "sha512-Dep8wO3Fr5wNjQevO2Z8Y7yeee/nYSGRsi7q6zJDKEVHxXkXT+v21vxHmDX923UzmCXXkSo62HaTz6eTWzFLaw==",
      "license": "MIT",
      "dependencies": {
        "deeks": "3.1.0",
        "doc-path": "4.1.1"
      },
      "engines": {
        "node": ">= 16"
      }
    },
    "node_modules/set-cookie-parser": {
      "version": "3.0.1",
      "resolved": "https://registry.npmjs.org/set-cookie-parser/-/set-cookie-parser-3.0.1.tgz",
      "integrity": "sha512-n7Z7dXZhJbwuAHhNzkTti6Aw9QDDjZtm3JTpTGATIdNzdQz5GuFs22w90BcvF4INfnrL5xrX3oGsuqO5Dx3A1Q==",
      "license": "MIT"
    }
  }
}
